{
  "name": "meridian-docs",
  "lockfileVersion": 3,
  "requires": true,
  "packages": {
    "": {
      "name": "meridian-docs",
      "dependencies": {
        "@adamcoulteroz/keel": "^0.4.1"
      }
    },
    "node_modules/@adamcoulteroz/keel": {
      "version": "0.4.1",
      "resolved": "https://npm.pkg.github.com/download/@adamcoulteroz/keel/0.4.1/1255ec8097f69f55215bcbab63b05f3f4810131b",
      "integrity": "sha512-IolbGKVVjDmLo3jX5+d7/xCX4+fjKounV02eTC89ZPCnRS14+zHhA4ZjpgAm8qBUhn0kffFP3ACBpDSFlISZJA==",
      "license": "MIT"
    }
  }
}
