{
  "name": "meridian-docs",
  "lockfileVersion": 3,
  "requires": true,
  "packages": {
    "": {
      "name": "meridian-docs",
      "dependencies": {
        "@adamcoulteroz/keel": "^0.4.2"
      }
    },
    "node_modules/@adamcoulteroz/keel": {
      "version": "0.4.2",
      "resolved": "https://npm.pkg.github.com/download/@adamcoulteroz/keel/0.4.2/b27b04ff7880fbd473087b0d4269f0de17ed8e6a",
      "integrity": "sha512-8Z21rjzN4DlWm7NuGSozMJGIvyIuiltdubot5jmGqwhe+uLz9sHNgGRmLxLQyYGSZfaPuYKvjKYt3IQj/MZbaA==",
      "license": "MIT"
    }
  }
}
