{
  "name": "meridian-docs",
  "lockfileVersion": 3,
  "requires": true,
  "packages": {
    "": {
      "name": "meridian-docs",
      "dependencies": {
        "@adamcoulteroz/keel": "0.2.2"
      }
    },
    "node_modules/@adamcoulteroz/keel": {
      "version": "0.2.2",
      "resolved": "https://npm.pkg.github.com/download/@adamcoulteroz/keel/0.2.2/aed939e095d00429300438ad35320caea3463345",
      "integrity": "sha512-XHR5PIKdccw0HZwspLlfahtlDbBLkK3P5B0iWuaUUB6eumnBPTbLRtJ2ti3aOwNjelje20X5o9sPg8UZ0q8Qxw==",
      "license": "MIT"
    }
  }
}
